// !$*UTF8*$!
{
	archiveVersion = 1;
	classes = {
	};
	objectVersion = 56;
	objects = {

/* Begin PBXBuildFile section */
		1669ED6C2977D16600755C6A /* Home.docc in Sources */ = {isa = PBXBuildFile; fileRef = 1669ED6B2977D16600755C6A /* Home.docc */; };
		1669ED6D2977D16600755C6A /* Home.h in Headers */ = {isa = PBXBuildFile; fileRef = 1669ED6A2977D16600755C6A /* Home.h */; settings = {ATTRIBUTES = (Public, ); }; };
		1669ED762978744C00755C6A /* Movie.framework in Frameworks */ = {isa = PBXBuildFile; fileRef = 1669ED752978744C00755C6A /* Movie.framework */; };
		1669ED7A2978746300755C6A /* HomeView.swift in Sources */ = {isa = PBXBuildFile; fileRef = 1669ED792978746300755C6A /* HomeView.swift */; };
		F45E7BF5C9AD74083A33AF7D /* Pods_Home.framework in Frameworks */ = {isa = PBXBuildFile; fileRef = 9ED6C05602C3CDEA724ED65D /* Pods_Home.framework */; };
/* End PBXBuildFile section */

/* Begin PBXFileReference section */
		0504B13CA36EF72F2E502D9C /* Pods-Home.release.xcconfig */ = {isa = PBXFileReference; includeInIndex = 1; lastKnownFileType = text.xcconfig; name = "Pods-Home.release.xcconfig"; path = "Target Support Files/Pods-Home/Pods-Home.release.xcconfig"; sourceTree = "<group>"; };
		1669ED672977D16600755C6A /* Home.framework */ = {isa = PBXFileReference; explicitFileType = wrapper.framework; includeInIndex = 0; path = Home.framework; sourceTree = BUILT_PRODUCTS_DIR; };
		1669ED6A2977D16600755C6A /* Home.h */ = {isa = PBXFileReference; lastKnownFileType = sourcecode.c.h; path = Home.h; sourceTree = "<group>"; };
		1669ED6B2977D16600755C6A /* Home.docc */ = {isa = PBXFileReference; lastKnownFileType = folder.documentationcatalog; path = Home.docc; sourceTree = "<group>"; };
		1669ED752978744C00755C6A /* Movie.framework */ = {isa = PBXFileReference; explicitFileType = wrapper.framework; path = Movie.framework; sourceTree = BUILT_PRODUCTS_DIR; };
		1669ED792978746300755C6A /* HomeView.swift */ = {isa = PBXFileReference; lastKnownFileType = sourcecode.swift; path = HomeView.swift; sourceTree = "<group>"; };
		618179F5936A8C1C9F4BB0BD /* Pods-Home.debug.xcconfig */ = {isa = PBXFileReference; includeInIndex = 1; lastKnownFileType = text.xcconfig; name = "Pods-Home.debug.xcconfig"; path = "Target Support Files/Pods-Home/Pods-Home.debug.xcconfig"; sourceTree = "<group>"; };
		9ED6C05602C3CDEA724ED65D /* Pods_Home.framework */ = {isa = PBXFileReference; explicitFileType = wrapper.framework; includeInIndex = 0; path = Pods_Home.framework; sourceTree = BUILT_PRODUCTS_DIR; };
/* End PBXFileReference section */

/* Begin PBXFrameworksBuildPhase section */
		1669ED642977D16600755C6A /* Frameworks */ = {
			isa = PBXFrameworksBuildPhase;
			buildActionMask = 2147483647;
			files = (
				F45E7BF5C9AD74083A33AF7D /* Pods_Home.framework in Frameworks */,
				1669ED762978744C00755C6A /* Movie.framework in Frameworks */,
			);
			runOnlyForDeploymentPostprocessing = 0;
		};
/* End PBXFrameworksBuildPhase section */

/* Begin PBXGroup section */
		1669ED5D2977D16600755C6A = {
			isa = PBXGroup;
			children = (
				1669ED692977D16600755C6A /* Home */,
				1669ED682977D16600755C6A /* Products */,
				6E4CDF3B4199A7B649CA96CF /* Pods */,
				BC527F2C26C8D02872809CAF /* Frameworks */,
			);
			sourceTree = "<group>";
		};
		1669ED682977D16600755C6A /* Products */ = {
			isa = PBXGroup;
			children = (
				1669ED672977D16600755C6A /* Home.framework */,
			);
			name = Products;
			sourceTree = "<group>";
		};
		1669ED692977D16600755C6A /* Home */ = {
			isa = PBXGroup;
			children = (
				1669ED742978743E00755C6A /* View */,
				1669ED6A2977D16600755C6A /* Home.h */,
				1669ED6B2977D16600755C6A /* Home.docc */,
			);
			path = Home;
			sourceTree = "<group>";
		};
		1669ED742978743E00755C6A /* View */ = {
			isa = PBXGroup;
			children = (
				1669ED792978746300755C6A /* HomeView.swift */,
			);
			path = View;
			sourceTree = "<group>";
		};
		6E4CDF3B4199A7B649CA96CF /* Pods */ = {
			isa = PBXGroup;
			children = (
				618179F5936A8C1C9F4BB0BD /* Pods-Home.debug.xcconfig */,
				0504B13CA36EF72F2E502D9C /* Pods-Home.release.xcconfig */,
			);
			name = Pods;
			path = ../../MovieCatalogue/Pods;
			sourceTree = "<group>";
		};
		BC527F2C26C8D02872809CAF /* Frameworks */ = {
			isa = PBXGroup;
			children = (
				1669ED752978744C00755C6A /* Movie.framework */,
				9ED6C05602C3CDEA724ED65D /* Pods_Home.framework */,
			);
			name = Frameworks;
			sourceTree = "<group>";
		};
/* End PBXGroup section */

/* Begin PBXHeadersBuildPhase section */
		1669ED622977D16600755C6A /* Headers */ = {
			isa = PBXHeadersBuildPhase;
			buildActionMask = 2147483647;
			files = (
				1669ED6D2977D16600755C6A /* Home.h in Headers */,
			);
			runOnlyForDeploymentPostprocessing = 0;
		};
/* End PBXHeadersBuildPhase section */

/* Begin PBXNativeTarget section */
		1669ED662977D16600755C6A /* Home */ = {
			isa = PBXNativeTarget;
			buildConfigurationList = 1669ED702977D16600755C6A /* Build configuration list for PBXNativeTarget "Home" */;
			buildPhases = (
				E9CED5C715887D64CD0ACDC7 /* [CP] Check Pods Manifest.lock */,
				1669ED622977D16600755C6A /* Headers */,
				1669ED632977D16600755C6A /* Sources */,
				1669ED642977D16600755C6A /* Frameworks */,
				1669ED652977D16600755C6A /* Resources */,
			);
			buildRules = (
			);
			dependencies = (
			);
			name = Home;
			productName = Home;
			productReference = 1669ED672977D16600755C6A /* Home.framework */;
			productType = "com.apple.product-type.framework";
		};
/* End PBXNativeTarget section */

/* Begin PBXProject section */
		1669ED5E2977D16600755C6A /* Project object */ = {
			isa = PBXProject;
			attributes = {
				BuildIndependentTargetsInParallel = 1;
				LastUpgradeCheck = 1420;
				TargetAttributes = {
					1669ED662977D16600755C6A = {
						CreatedOnToolsVersion = 14.2;
					};
				};
			};
			buildConfigurationList = 1669ED612977D16600755C6A /* Build configuration list for PBXProject "Home" */;
			compatibilityVersion = "Xcode 14.0";
			developmentRegion = en;
			hasScannedForEncodings = 0;
			knownRegions = (
				en,
				Base,
			);
			mainGroup = 1669ED5D2977D16600755C6A;
			productRefGroup = 1669ED682977D16600755C6A /* Products */;
			projectDirPath = "";
			projectRoot = "";
			targets = (
				1669ED662977D16600755C6A /* Home */,
			);
		};
/* End PBXProject section */

/* Begin PBXResourcesBuildPhase section */
		1669ED652977D16600755C6A /* Resources */ = {
			isa = PBXResourcesBuildPhase;
			buildActionMask = 2147483647;
			files = (
			);
			runOnlyForDeploymentPostprocessing = 0;
		};
/* End PBXResourcesBuildPhase section */

/* Begin PBXShellScriptBuildPhase section */
		E9CED5C715887D64CD0ACDC7 /* [CP] Check Pods Manifest.lock */ = {
			isa = PBXShellScriptBuildPhase;
			buildActionMask = 2147483647;
			files = (
			);
			inputFileListPaths = (
			);
			inputPaths = (
				"${PODS_PODFILE_DIR_PATH}/Podfile.lock",
				"${PODS_ROOT}/Manifest.lock",
			);
			name = "[CP] Check Pods Manifest.lock";
			outputFileListPaths = (
			);
			outputPaths = (
				"$(DERIVED_FILE_DIR)/Pods-Home-checkManifestLockResult.txt",
			);
			runOnlyForDeploymentPostprocessing = 0;
			shellPath = /bin/sh;
			shellScript = "diff \"${PODS_PODFILE_DIR_PATH}/Podfile.lock\" \"${PODS_ROOT}/Manifest.lock\" > /dev/null\nif [ $? != 0 ] ; then\n    # print error to STDERR\n    echo \"error: The sandbox is not in sync with the Podfile.lock. Run 'pod install' or update your CocoaPods installation.\" >&2\n    exit 1\nfi\n# This output is used by Xcode 'outputs' to avoid re-running this script phase.\necho \"SUCCESS\" > \"${SCRIPT_OUTPUT_FILE_0}\"\n";
			showEnvVarsInLog = 0;
		};
/* End PBXShellScriptBuildPhase section */

/* Begin PBXSourcesBuildPhase section */
		1669ED632977D16600755C6A /* Sources */ = {
			isa = PBXSourcesBuildPhase;
			buildActionMask = 2147483647;
			files = (
				1669ED6C2977D16600755C6A /* Home.docc in Sources */,
				1669ED7A2978746300755C6A /* HomeView.swift in Sources */,
			);
			runOnlyForDeploymentPostprocessing = 0;
		};
/* End PBXSourcesBuildPhase section */

/* Begin XCBuildConfiguration section */
		1669ED6E2977D16600755C6A /* Debug */ = {
			isa = XCBuildConfiguration;
			buildSettings = {
				ALWAYS_SEARCH_USER_PATHS = NO;
				CLANG_ANALYZER_NONNULL = YES;
				CLANG_ANALYZER_NUMBER_OBJECT_CONVERSION = YES_AGGRESSIVE;
				CLANG_CXX_LANGUAGE_STANDARD = "gnu++20";
				CLANG_ENABLE_MODULES = YES;
				CLANG_ENABLE_OBJC_ARC = YES;
				CLANG_ENABLE_OBJC_WEAK = YES;
				CLANG_WARN_BLOCK_CAPTURE_AUTORELEASING = YES;
				CLANG_WARN_BOOL_CONVERSION = YES;
				CLANG_WARN_COMMA = YES;
				CLANG_WARN_CONSTANT_CONVERSION = YES;
				CLANG_WARN_DEPRECATED_OBJC_IMPLEMENTATIONS = YES;
				CLANG_WARN_DIRECT_OBJC_ISA_USAGE = YES_ERROR;
				CLANG_WARN_DOCUMENTATION_COMMENTS = YES;
				CLANG_WARN_EMPTY_BODY = YES;
				CLANG_WARN_ENUM_CONVERSION = YES;
				CLANG_WARN_INFINITE_RECURSION = YES;
				CLANG_WARN_INT_CONVERSION = YES;
				CLANG_WARN_NON_LITERAL_NULL_CONVERSION = YES;
				CLANG_WARN_OBJC_IMPLICIT_RETAIN_SELF = YES;
				CLANG_WARN_OBJC_LITERAL_CONVERSION = YES;
				CLANG_WARN_OBJC_ROOT_CLASS = YES_ERROR;
				CLANG_WARN_QUOTED_INCLUDE_IN_FRAMEWORK_HEADER = YES;
				CLANG_WARN_RANGE_LOOP_ANALYSIS = YES;
				CLANG_WARN_STRICT_PROTOTYPES = YES;
				CLANG_WARN_SUSPICIOUS_MOVE = YES;
				CLANG_WARN_UNGUARDED_AVAILABILITY = YES_AGGRESSIVE;
				CLANG_WARN_UNREACHABLE_CODE = YES;
				CLANG_WARN__DUPLICATE_METHOD_MATCH = YES;
				COPY_PHASE_STRIP = NO;
				CURRENT_PROJECT_VERSION = 1;
				DEBUG_INFORMATION_FORMAT = dwarf;
				ENABLE_STRICT_OBJC_MSGSEND = YES;
				ENABLE_TESTABILITY = YES;
				GCC_C_LANGUAGE_STANDARD = gnu11;
				GCC_DYNAMIC_NO_PIC = NO;
				GCC_NO_COMMON_BLOCKS = YES;
				GCC_OPTIMIZATION_LEVEL = 0;
				GCC_PREPROCESSOR_DEFINITIONS = (
					"DEBUG=1",
					"$(inherited)",
				);
				GCC_WARN_64_TO_32_BIT_CONVERSION = YES;
				GCC_WARN_ABOUT_RETURN_TYPE = YES_ERROR;
				GCC_WARN_UNDECLARED_SELECTOR = YES;
				GCC_WARN_UNINITIALIZED_AUTOS = YES_AGGRESSIVE;
				GCC_WARN_UNUSED_FUNCTION = YES;
				GCC_WARN_UNUSED_VARIABLE = YES;
				IPHONEOS_DEPLOYMENT_TARGET = 16.2;
				MTL_ENABLE_DEBUG_INFO = INCLUDE_SOURCE;
				MTL_FAST_MATH = YES;
				ONLY_ACTIVE_ARCH = YES;
				SDKROOT = iphoneos;
				SWIFT_ACTIVE_COMPILATION_CONDITIONS = DEBUG;
				SWIFT_OPTIMIZATION_LEVEL = "-Onone";
				VERSIONING_SYSTEM = "apple-generic";
				VERSION_INFO_PREFIX = "";
			};
			name = Debug;
		};
		1669ED6F2977D16600755C6A /* Release */ = {
			isa = XCBuildConfiguration;
			buildSettings = {
				ALWAYS_SEARCH_USER_PATHS = NO;
				CLANG_ANALYZER_NONNULL = YES;
				CLANG_ANALYZER_NUMBER_OBJECT_CONVERSION = YES_AGGRESSIVE;
				CLANG_CXX_LANGUAGE_STANDARD = "gnu++20";
				CLANG_ENABLE_MODULES = YES;
				CLANG_ENABLE_OBJC_ARC = YES;
				CLANG_ENABLE_OBJC_WEAK = YES;
				CLANG_WARN_BLOCK_CAPTURE_AUTORELEASING = YES;
				CLANG_WARN_BOOL_CONVERSION = YES;
				CLANG_WARN_COMMA = YES;
				CLANG_WARN_CONSTANT_CONVERSION = YES;
				CLANG_WARN_DEPRECATED_OBJC_IMPLEMENTATIONS = YES;
				CLANG_WARN_DIRECT_OBJC_ISA_USAGE = YES_ERROR;
				CLANG_WARN_DOCUMENTATION_COMMENTS = YES;
				CLANG_WARN_EMPTY_BODY = YES;
				CLANG_WARN_ENUM_CONVERSION = YES;
				CLANG_WARN_INFINITE_RECURSION = YES;
				CLANG_WARN_INT_CONVERSION = YES;
				CLANG_WARN_NON_LITERAL_NULL_CONVERSION = YES;
				CLANG_WARN_OBJC_IMPLICIT_RETAIN_SELF = YES;
				CLANG_WARN_OBJC_LITERAL_CONVERSION = YES;
				CLANG_WARN_OBJC_ROOT_CLASS = YES_ERROR;
				CLANG_WARN_QUOTED_INCLUDE_IN_FRAMEWORK_HEADER = YES;
				CLANG_WARN_RANGE_LOOP_ANALYSIS = YES;
				CLANG_WARN_STRICT_PROTOTYPES = YES;
				CLANG_WARN_SUSPICIOUS_MOVE = YES;
				CLANG_WARN_UNGUARDED_AVAILABILITY = YES_AGGRESSIVE;
				CLANG_WARN_UNREACHABLE_CODE = YES;
				CLANG_WARN__DUPLICATE_METHOD_MATCH = YES;
				COPY_PHASE_STRIP = NO;
				CURRENT_PROJECT_VERSION = 1;
				DEBUG_INFORMATION_FORMAT = "dwarf-with-dsym";
				ENABLE_NS_ASSERTIONS = NO;
				ENABLE_STRICT_OBJC_MSGSEND = YES;
				GCC_C_LANGUAGE_STANDARD = gnu11;
				GCC_NO_COMMON_BLOCKS = YES;
				GCC_WARN_64_TO_32_BIT_CONVERSION = YES;
				GCC_WARN_ABOUT_RETURN_TYPE = YES_ERROR;
				GCC_WARN_UNDECLARED_SELECTOR = YES;
				GCC_WARN_UNINITIALIZED_AUTOS = YES_AGGRESSIVE;
				GCC_WARN_UNUSED_FUNCTION = YES;
				GCC_WARN_UNUSED_VARIABLE = YES;
				IPHONEOS_DEPLOYMENT_TARGET = 16.2;
				MTL_ENABLE_DEBUG_INFO = NO;
				MTL_FAST_MATH = YES;
				SDKROOT = iphoneos;
				SWIFT_COMPILATION_MODE = wholemodule;
				SWIFT_OPTIMIZATION_LEVEL = "-O";
				VALIDATE_PRODUCT = YES;
				VERSIONING_SYSTEM = "apple-generic";
				VERSION_INFO_PREFIX = "";
			};
			name = Release;
		};
		1669ED712977D16600755C6A /* Debug */ = {
			isa = XCBuildConfiguration;
			baseConfigurationReference = 618179F5936A8C1C9F4BB0BD /* Pods-Home.debug.xcconfig */;
			buildSettings = {
				CODE_SIGN_STYLE = Automatic;
				CURRENT_PROJECT_VERSION = 1;
				DEFINES_MODULE = YES;
				DEVELOPMENT_TEAM = KVFMXTTSFG;
				DYLIB_COMPATIBILITY_VERSION = 1;
				DYLIB_CURRENT_VERSION = 1;
				DYLIB_INSTALL_NAME_BASE = "@rpath";
				GENERATE_INFOPLIST_FILE = YES;
				INFOPLIST_KEY_NSHumanReadableCopyright = "";
				INSTALL_PATH = "$(LOCAL_LIBRARY_DIR)/Frameworks";
				LD_RUNPATH_SEARCH_PATHS = (
					"$(inherited)",
					"@executable_path/Frameworks",
					"@loader_path/Frameworks",
				);
				MARKETING_VERSION = 1.0;
				PRODUCT_BUNDLE_IDENTIFIER = tbadhit.Home;
				PRODUCT_NAME = "$(TARGET_NAME:c99extidentifier)";
				SKIP_INSTALL = YES;
				SWIFT_EMIT_LOC_STRINGS = YES;
				SWIFT_VERSION = 5.0;
				TARGETED_DEVICE_FAMILY = "1,2";
			};
			name = Debug;
		};
		1669ED722977D16600755C6A /* Release */ = {
			isa = XCBuildConfiguration;
			baseConfigurationReference = 0504B13CA36EF72F2E502D9C /* Pods-Home.release.xcconfig */;
			buildSettings = {
				CODE_SIGN_STYLE = Automatic;
				CURRENT_PROJECT_VERSION = 1;
				DEFINES_MODULE = YES;
				DEVELOPMENT_TEAM = KVFMXTTSFG;
				DYLIB_COMPATIBILITY_VERSION = 1;
				DYLIB_CURRENT_VERSION = 1;
				DYLIB_INSTALL_NAME_BASE = "@rpath";
				GENERATE_INFOPLIST_FILE = YES;
				INFOPLIST_KEY_NSHumanReadableCopyright = "";
				INSTALL_PATH = "$(LOCAL_LIBRARY_DIR)/Frameworks";
				LD_RUNPATH_SEARCH_PATHS = (
					"$(inherited)",
					"@executable_path/Frameworks",
					"@loader_path/Frameworks",
				);
				MARKETING_VERSION = 1.0;
				PRODUCT_BUNDLE_IDENTIFIER = tbadhit.Home;
				PRODUCT_NAME = "$(TARGET_NAME:c99extidentifier)";
				SKIP_INSTALL = YES;
				SWIFT_EMIT_LOC_STRINGS = YES;
				SWIFT_VERSION = 5.0;
				TARGETED_DEVICE_FAMILY = "1,2";
			};
			name = Release;
		};
/* End XCBuildConfiguration section */

/* Begin XCConfigurationList section */
		1669ED612977D16600755C6A /* Build configuration list for PBXProject "Home" */ = {
			isa = XCConfigurationList;
			buildConfigurations = (
				1669ED6E2977D16600755C6A /* Debug */,
				1669ED6F2977D16600755C6A /* Release */,
			);
			defaultConfigurationIsVisible = 0;
			defaultConfigurationName = Release;
		};
		1669ED702977D16600755C6A /* Build configuration list for PBXNativeTarget "Home" */ = {
			isa = XCConfigurationList;
			buildConfigurations = (
				1669ED712977D16600755C6A /* Debug */,
				1669ED722977D16600755C6A /* Release */,
			);
			defaultConfigurationIsVisible = 0;
			defaultConfigurationName = Release;
		};
/* End XCConfigurationList section */
	};
	rootObject = 1669ED5E2977D16600755C6A /* Project object */;
}
