// !$*UTF8*$!
{
	archiveVersion = 1;
	classes = {
	};
	objectVersion = 56;
	objects = {

/* Begin PBXBuildFile section */
		1669EDC72979FDC100755C6A /* Detail.docc in Sources */ = {isa = PBXBuildFile; fileRef = 1669EDC62979FDC100755C6A /* Detail.docc */; };
		1669EDC82979FDC100755C6A /* Detail.h in Headers */ = {isa = PBXBuildFile; fileRef = 1669EDC52979FDC100755C6A /* Detail.h */; settings = {ATTRIBUTES = (Public, ); }; };
		1669EDEE297A00E600755C6A /* DetailView.swift in Sources */ = {isa = PBXBuildFile; fileRef = 1669EDED297A00E600755C6A /* DetailView.swift */; };
		1669EDFD297A031800755C6A /* Movie.framework in Frameworks */ = {isa = PBXBuildFile; fileRef = 1669EDFC297A031800755C6A /* Movie.framework */; };
		9CFD47FE34168E92D713ADA0 /* Pods_Detail.framework in Frameworks */ = {isa = PBXBuildFile; fileRef = FAE2C121319E2DB5E5E8FEC7 /* Pods_Detail.framework */; };
/* End PBXBuildFile section */

/* Begin PBXFileReference section */
		1669EDC22979FDC100755C6A /* Detail.framework */ = {isa = PBXFileReference; explicitFileType = wrapper.framework; includeInIndex = 0; path = Detail.framework; sourceTree = BUILT_PRODUCTS_DIR; };
		1669EDC52979FDC100755C6A /* Detail.h */ = {isa = PBXFileReference; lastKnownFileType = sourcecode.c.h; path = Detail.h; sourceTree = "<group>"; };
		1669EDC62979FDC100755C6A /* Detail.docc */ = {isa = PBXFileReference; lastKnownFileType = folder.documentationcatalog; path = Detail.docc; sourceTree = "<group>"; };
		1669EDED297A00E600755C6A /* DetailView.swift */ = {isa = PBXFileReference; lastKnownFileType = sourcecode.swift; path = DetailView.swift; sourceTree = "<group>"; };
		1669EDFC297A031800755C6A /* Movie.framework */ = {isa = PBXFileReference; explicitFileType = wrapper.framework; path = Movie.framework; sourceTree = BUILT_PRODUCTS_DIR; };
		2EC9E526F63D65EB66D6F5FB /* Pods-Detail.release.xcconfig */ = {isa = PBXFileReference; includeInIndex = 1; lastKnownFileType = text.xcconfig; name = "Pods-Detail.release.xcconfig"; path = "Target Support Files/Pods-Detail/Pods-Detail.release.xcconfig"; sourceTree = "<group>"; };
		71DB3ACBED19A4872EF1BF54 /* Pods-Detail.debug.xcconfig */ = {isa = PBXFileReference; includeInIndex = 1; lastKnownFileType = text.xcconfig; name = "Pods-Detail.debug.xcconfig"; path = "Target Support Files/Pods-Detail/Pods-Detail.debug.xcconfig"; sourceTree = "<group>"; };
		FAE2C121319E2DB5E5E8FEC7 /* Pods_Detail.framework */ = {isa = PBXFileReference; explicitFileType = wrapper.framework; includeInIndex = 0; path = Pods_Detail.framework; sourceTree = BUILT_PRODUCTS_DIR; };
/* End PBXFileReference section */

/* Begin PBXFrameworksBuildPhase section */
		1669EDBF2979FDC100755C6A /* Frameworks */ = {
			isa = PBXFrameworksBuildPhase;
			buildActionMask = 2147483647;
			files = (
				9CFD47FE34168E92D713ADA0 /* Pods_Detail.framework in Frameworks */,
				1669EDFD297A031800755C6A /* Movie.framework in Frameworks */,
			);
			runOnlyForDeploymentPostprocessing = 0;
		};
/* End PBXFrameworksBuildPhase section */

/* Begin PBXGroup section */
		1669EDB82979FDC100755C6A = {
			isa = PBXGroup;
			children = (
				1669EDC42979FDC100755C6A /* Detail */,
				1669EDC32979FDC100755C6A /* Products */,
				E09C6447F2EACDC0E8A35E01 /* Pods */,
				A40ECCA30004D2623C3E878E /* Frameworks */,
			);
			sourceTree = "<group>";
		};
		1669EDC32979FDC100755C6A /* Products */ = {
			isa = PBXGroup;
			children = (
				1669EDC22979FDC100755C6A /* Detail.framework */,
			);
			name = Products;
			sourceTree = "<group>";
		};
		1669EDC42979FDC100755C6A /* Detail */ = {
			isa = PBXGroup;
			children = (
				1669EDEC297A00D200755C6A /* View */,
				1669EDC52979FDC100755C6A /* Detail.h */,
				1669EDC62979FDC100755C6A /* Detail.docc */,
			);
			path = Detail;
			sourceTree = "<group>";
		};
		1669EDEC297A00D200755C6A /* View */ = {
			isa = PBXGroup;
			children = (
				1669EDED297A00E600755C6A /* DetailView.swift */,
			);
			path = View;
			sourceTree = "<group>";
		};
		A40ECCA30004D2623C3E878E /* Frameworks */ = {
			isa = PBXGroup;
			children = (
				1669EDFC297A031800755C6A /* Movie.framework */,
				FAE2C121319E2DB5E5E8FEC7 /* Pods_Detail.framework */,
			);
			name = Frameworks;
			sourceTree = "<group>";
		};
		E09C6447F2EACDC0E8A35E01 /* Pods */ = {
			isa = PBXGroup;
			children = (
				71DB3ACBED19A4872EF1BF54 /* Pods-Detail.debug.xcconfig */,
				2EC9E526F63D65EB66D6F5FB /* Pods-Detail.release.xcconfig */,
			);
			name = Pods;
			path = ../../MovieCatalogue/Pods;
			sourceTree = "<group>";
		};
/* End PBXGroup section */

/* Begin PBXHeadersBuildPhase section */
		1669EDBD2979FDC100755C6A /* Headers */ = {
			isa = PBXHeadersBuildPhase;
			buildActionMask = 2147483647;
			files = (
				1669EDC82979FDC100755C6A /* Detail.h in Headers */,
			);
			runOnlyForDeploymentPostprocessing = 0;
		};
/* End PBXHeadersBuildPhase section */

/* Begin PBXNativeTarget section */
		1669EDC12979FDC100755C6A /* Detail */ = {
			isa = PBXNativeTarget;
			buildConfigurationList = 1669EDCB2979FDC100755C6A /* Build configuration list for PBXNativeTarget "Detail" */;
			buildPhases = (
				1F82D4316A0F83DCB36C7E20 /* [CP] Check Pods Manifest.lock */,
				1669EDBD2979FDC100755C6A /* Headers */,
				1669EDBE2979FDC100755C6A /* Sources */,
				1669EDBF2979FDC100755C6A /* Frameworks */,
				1669EDC02979FDC100755C6A /* Resources */,
			);
			buildRules = (
			);
			dependencies = (
			);
			name = Detail;
			productName = Detail;
			productReference = 1669EDC22979FDC100755C6A /* Detail.framework */;
			productType = "com.apple.product-type.framework";
		};
/* End PBXNativeTarget section */

/* Begin PBXProject section */
		1669EDB92979FDC100755C6A /* Project object */ = {
			isa = PBXProject;
			attributes = {
				BuildIndependentTargetsInParallel = 1;
				LastUpgradeCheck = 1420;
				TargetAttributes = {
					1669EDC12979FDC100755C6A = {
						CreatedOnToolsVersion = 14.2;
					};
				};
			};
			buildConfigurationList = 1669EDBC2979FDC100755C6A /* Build configuration list for PBXProject "Detail" */;
			compatibilityVersion = "Xcode 14.0";
			developmentRegion = en;
			hasScannedForEncodings = 0;
			knownRegions = (
				en,
				Base,
			);
			mainGroup = 1669EDB82979FDC100755C6A;
			productRefGroup = 1669EDC32979FDC100755C6A /* Products */;
			projectDirPath = "";
			projectRoot = "";
			targets = (
				1669EDC12979FDC100755C6A /* Detail */,
			);
		};
/* End PBXProject section */

/* Begin PBXResourcesBuildPhase section */
		1669EDC02979FDC100755C6A /* Resources */ = {
			isa = PBXResourcesBuildPhase;
			buildActionMask = 2147483647;
			files = (
			);
			runOnlyForDeploymentPostprocessing = 0;
		};
/* End PBXResourcesBuildPhase section */

/* Begin PBXShellScriptBuildPhase section */
		1F82D4316A0F83DCB36C7E20 /* [CP] Check Pods Manifest.lock */ = {
			isa = PBXShellScriptBuildPhase;
			buildActionMask = 2147483647;
			files = (
			);
			inputFileListPaths = (
			);
			inputPaths = (
				"${PODS_PODFILE_DIR_PATH}/Podfile.lock",
				"${PODS_ROOT}/Manifest.lock",
			);
			name = "[CP] Check Pods Manifest.lock";
			outputFileListPaths = (
			);
			outputPaths = (
				"$(DERIVED_FILE_DIR)/Pods-Detail-checkManifestLockResult.txt",
			);
			runOnlyForDeploymentPostprocessing = 0;
			shellPath = /bin/sh;
			shellScript = "diff \"${PODS_PODFILE_DIR_PATH}/Podfile.lock\" \"${PODS_ROOT}/Manifest.lock\" > /dev/null\nif [ $? != 0 ] ; then\n    # print error to STDERR\n    echo \"error: The sandbox is not in sync with the Podfile.lock. Run 'pod install' or update your CocoaPods installation.\" >&2\n    exit 1\nfi\n# This output is used by Xcode 'outputs' to avoid re-running this script phase.\necho \"SUCCESS\" > \"${SCRIPT_OUTPUT_FILE_0}\"\n";
			showEnvVarsInLog = 0;
		};
/* End PBXShellScriptBuildPhase section */

/* Begin PBXSourcesBuildPhase section */
		1669EDBE2979FDC100755C6A /* Sources */ = {
			isa = PBXSourcesBuildPhase;
			buildActionMask = 2147483647;
			files = (
				1669EDC72979FDC100755C6A /* Detail.docc in Sources */,
				1669EDEE297A00E600755C6A /* DetailView.swift in Sources */,
			);
			runOnlyForDeploymentPostprocessing = 0;
		};
/* End PBXSourcesBuildPhase section */

/* Begin XCBuildConfiguration section */
		1669EDC92979FDC100755C6A /* Debug */ = {
			isa = XCBuildConfiguration;
			buildSettings = {
				ALWAYS_SEARCH_USER_PATHS = NO;
				CLANG_ANALYZER_NONNULL = YES;
				CLANG_ANALYZER_NUMBER_OBJECT_CONVERSION = YES_AGGRESSIVE;
				CLANG_CXX_LANGUAGE_STANDARD = "gnu++20";
				CLANG_ENABLE_MODULES = YES;
				CLANG_ENABLE_OBJC_ARC = YES;
				CLANG_ENABLE_OBJC_WEAK = YES;
				CLANG_WARN_BLOCK_CAPTURE_AUTORELEASING = YES;
				CLANG_WARN_BOOL_CONVERSION = YES;
				CLANG_WARN_COMMA = YES;
				CLANG_WARN_CONSTANT_CONVERSION = YES;
				CLANG_WARN_DEPRECATED_OBJC_IMPLEMENTATIONS = YES;
				CLANG_WARN_DIRECT_OBJC_ISA_USAGE = YES_ERROR;
				CLANG_WARN_DOCUMENTATION_COMMENTS = YES;
				CLANG_WARN_EMPTY_BODY = YES;
				CLANG_WARN_ENUM_CONVERSION = YES;
				CLANG_WARN_INFINITE_RECURSION = YES;
				CLANG_WARN_INT_CONVERSION = YES;
				CLANG_WARN_NON_LITERAL_NULL_CONVERSION = YES;
				CLANG_WARN_OBJC_IMPLICIT_RETAIN_SELF = YES;
				CLANG_WARN_OBJC_LITERAL_CONVERSION = YES;
				CLANG_WARN_OBJC_ROOT_CLASS = YES_ERROR;
				CLANG_WARN_QUOTED_INCLUDE_IN_FRAMEWORK_HEADER = YES;
				CLANG_WARN_RANGE_LOOP_ANALYSIS = YES;
				CLANG_WARN_STRICT_PROTOTYPES = YES;
				CLANG_WARN_SUSPICIOUS_MOVE = YES;
				CLANG_WARN_UNGUARDED_AVAILABILITY = YES_AGGRESSIVE;
				CLANG_WARN_UNREACHABLE_CODE = YES;
				CLANG_WARN__DUPLICATE_METHOD_MATCH = YES;
				COPY_PHASE_STRIP = NO;
				CURRENT_PROJECT_VERSION = 1;
				DEBUG_INFORMATION_FORMAT = dwarf;
				ENABLE_STRICT_OBJC_MSGSEND = YES;
				ENABLE_TESTABILITY = YES;
				GCC_C_LANGUAGE_STANDARD = gnu11;
				GCC_DYNAMIC_NO_PIC = NO;
				GCC_NO_COMMON_BLOCKS = YES;
				GCC_OPTIMIZATION_LEVEL = 0;
				GCC_PREPROCESSOR_DEFINITIONS = (
					"DEBUG=1",
					"$(inherited)",
				);
				GCC_WARN_64_TO_32_BIT_CONVERSION = YES;
				GCC_WARN_ABOUT_RETURN_TYPE = YES_ERROR;
				GCC_WARN_UNDECLARED_SELECTOR = YES;
				GCC_WARN_UNINITIALIZED_AUTOS = YES_AGGRESSIVE;
				GCC_WARN_UNUSED_FUNCTION = YES;
				GCC_WARN_UNUSED_VARIABLE = YES;
				IPHONEOS_DEPLOYMENT_TARGET = 16.2;
				MTL_ENABLE_DEBUG_INFO = INCLUDE_SOURCE;
				MTL_FAST_MATH = YES;
				ONLY_ACTIVE_ARCH = YES;
				SDKROOT = iphoneos;
				SWIFT_ACTIVE_COMPILATION_CONDITIONS = DEBUG;
				SWIFT_OPTIMIZATION_LEVEL = "-Onone";
				VERSIONING_SYSTEM = "apple-generic";
				VERSION_INFO_PREFIX = "";
			};
			name = Debug;
		};
		1669EDCA2979FDC100755C6A /* Release */ = {
			isa = XCBuildConfiguration;
			buildSettings = {
				ALWAYS_SEARCH_USER_PATHS = NO;
				CLANG_ANALYZER_NONNULL = YES;
				CLANG_ANALYZER_NUMBER_OBJECT_CONVERSION = YES_AGGRESSIVE;
				CLANG_CXX_LANGUAGE_STANDARD = "gnu++20";
				CLANG_ENABLE_MODULES = YES;
				CLANG_ENABLE_OBJC_ARC = YES;
				CLANG_ENABLE_OBJC_WEAK = YES;
				CLANG_WARN_BLOCK_CAPTURE_AUTORELEASING = YES;
				CLANG_WARN_BOOL_CONVERSION = YES;
				CLANG_WARN_COMMA = YES;
				CLANG_WARN_CONSTANT_CONVERSION = YES;
				CLANG_WARN_DEPRECATED_OBJC_IMPLEMENTATIONS = YES;
				CLANG_WARN_DIRECT_OBJC_ISA_USAGE = YES_ERROR;
				CLANG_WARN_DOCUMENTATION_COMMENTS = YES;
				CLANG_WARN_EMPTY_BODY = YES;
				CLANG_WARN_ENUM_CONVERSION = YES;
				CLANG_WARN_INFINITE_RECURSION = YES;
				CLANG_WARN_INT_CONVERSION = YES;
				CLANG_WARN_NON_LITERAL_NULL_CONVERSION = YES;
				CLANG_WARN_OBJC_IMPLICIT_RETAIN_SELF = YES;
				CLANG_WARN_OBJC_LITERAL_CONVERSION = YES;
				CLANG_WARN_OBJC_ROOT_CLASS = YES_ERROR;
				CLANG_WARN_QUOTED_INCLUDE_IN_FRAMEWORK_HEADER = YES;
				CLANG_WARN_RANGE_LOOP_ANALYSIS = YES;
				CLANG_WARN_STRICT_PROTOTYPES = YES;
				CLANG_WARN_SUSPICIOUS_MOVE = YES;
				CLANG_WARN_UNGUARDED_AVAILABILITY = YES_AGGRESSIVE;
				CLANG_WARN_UNREACHABLE_CODE = YES;
				CLANG_WARN__DUPLICATE_METHOD_MATCH = YES;
				COPY_PHASE_STRIP = NO;
				CURRENT_PROJECT_VERSION = 1;
				DEBUG_INFORMATION_FORMAT = "dwarf-with-dsym";
				ENABLE_NS_ASSERTIONS = NO;
				ENABLE_STRICT_OBJC_MSGSEND = YES;
				GCC_C_LANGUAGE_STANDARD = gnu11;
				GCC_NO_COMMON_BLOCKS = YES;
				GCC_WARN_64_TO_32_BIT_CONVERSION = YES;
				GCC_WARN_ABOUT_RETURN_TYPE = YES_ERROR;
				GCC_WARN_UNDECLARED_SELECTOR = YES;
				GCC_WARN_UNINITIALIZED_AUTOS = YES_AGGRESSIVE;
				GCC_WARN_UNUSED_FUNCTION = YES;
				GCC_WARN_UNUSED_VARIABLE = YES;
				IPHONEOS_DEPLOYMENT_TARGET = 16.2;
				MTL_ENABLE_DEBUG_INFO = NO;
				MTL_FAST_MATH = YES;
				SDKROOT = iphoneos;
				SWIFT_COMPILATION_MODE = wholemodule;
				SWIFT_OPTIMIZATION_LEVEL = "-O";
				VALIDATE_PRODUCT = YES;
				VERSIONING_SYSTEM = "apple-generic";
				VERSION_INFO_PREFIX = "";
			};
			name = Release;
		};
		1669EDCC2979FDC100755C6A /* Debug */ = {
			isa = XCBuildConfiguration;
			baseConfigurationReference = 71DB3ACBED19A4872EF1BF54 /* Pods-Detail.debug.xcconfig */;
			buildSettings = {
				CODE_SIGN_STYLE = Automatic;
				CURRENT_PROJECT_VERSION = 1;
				DEFINES_MODULE = YES;
				DEVELOPMENT_TEAM = KVFMXTTSFG;
				DYLIB_COMPATIBILITY_VERSION = 1;
				DYLIB_CURRENT_VERSION = 1;
				DYLIB_INSTALL_NAME_BASE = "@rpath";
				GENERATE_INFOPLIST_FILE = YES;
				INFOPLIST_KEY_NSHumanReadableCopyright = "";
				INSTALL_PATH = "$(LOCAL_LIBRARY_DIR)/Frameworks";
				LD_RUNPATH_SEARCH_PATHS = (
					"$(inherited)",
					"@executable_path/Frameworks",
					"@loader_path/Frameworks",
				);
				MARKETING_VERSION = 1.0;
				PRODUCT_BUNDLE_IDENTIFIER = tbadhit.Detail;
				PRODUCT_NAME = "$(TARGET_NAME:c99extidentifier)";
				SKIP_INSTALL = YES;
				SWIFT_EMIT_LOC_STRINGS = YES;
				SWIFT_VERSION = 5.0;
				TARGETED_DEVICE_FAMILY = "1,2";
			};
			name = Debug;
		};
		1669EDCD2979FDC100755C6A /* Release */ = {
			isa = XCBuildConfiguration;
			baseConfigurationReference = 2EC9E526F63D65EB66D6F5FB /* Pods-Detail.release.xcconfig */;
			buildSettings = {
				CODE_SIGN_STYLE = Automatic;
				CURRENT_PROJECT_VERSION = 1;
				DEFINES_MODULE = YES;
				DEVELOPMENT_TEAM = KVFMXTTSFG;
				DYLIB_COMPATIBILITY_VERSION = 1;
				DYLIB_CURRENT_VERSION = 1;
				DYLIB_INSTALL_NAME_BASE = "@rpath";
				GENERATE_INFOPLIST_FILE = YES;
				INFOPLIST_KEY_NSHumanReadableCopyright = "";
				INSTALL_PATH = "$(LOCAL_LIBRARY_DIR)/Frameworks";
				LD_RUNPATH_SEARCH_PATHS = (
					"$(inherited)",
					"@executable_path/Frameworks",
					"@loader_path/Frameworks",
				);
				MARKETING_VERSION = 1.0;
				PRODUCT_BUNDLE_IDENTIFIER = tbadhit.Detail;
				PRODUCT_NAME = "$(TARGET_NAME:c99extidentifier)";
				SKIP_INSTALL = YES;
				SWIFT_EMIT_LOC_STRINGS = YES;
				SWIFT_VERSION = 5.0;
				TARGETED_DEVICE_FAMILY = "1,2";
			};
			name = Release;
		};
/* End XCBuildConfiguration section */

/* Begin XCConfigurationList section */
		1669EDBC2979FDC100755C6A /* Build configuration list for PBXProject "Detail" */ = {
			isa = XCConfigurationList;
			buildConfigurations = (
				1669EDC92979FDC100755C6A /* Debug */,
				1669EDCA2979FDC100755C6A /* Release */,
			);
			defaultConfigurationIsVisible = 0;
			defaultConfigurationName = Release;
		};
		1669EDCB2979FDC100755C6A /* Build configuration list for PBXNativeTarget "Detail" */ = {
			isa = XCConfigurationList;
			buildConfigurations = (
				1669EDCC2979FDC100755C6A /* Debug */,
				1669EDCD2979FDC100755C6A /* Release */,
			);
			defaultConfigurationIsVisible = 0;
			defaultConfigurationName = Release;
		};
/* End XCConfigurationList section */
	};
	rootObject = 1669EDB92979FDC100755C6A /* Project object */;
}
